
Microsoft Visual Studio Solution File, Format Version 12.00
# Visual Studio Version 16
VisualStudioVersion = 16.0.30413.136
MinimumVisualStudioVersion = 10.0.40219.1
Project("{FAE04EC0-301F-11D3-BF4B-00C04F79EFBC}") = "ProjetoGIT_exemplo1", "ProjetoGIT_exemplo1\ProjetoGIT_exemplo1.csproj", "{C2A45500-7832-4331-A0C6-F422916BB3B1}"
EndProject
Global
	GlobalSection(SolutionConfigurationPlatforms) = preSolution
		Debug|Any CPU = Debug|Any CPU
		Release|Any CPU = Release|Any CPU
	EndGlobalSection
	GlobalSection(ProjectConfigurationPlatforms) = postSolution
		{C2A45500-7832-4331-A0C6-F422916BB3B1}.Debug|Any CPU.ActiveCfg = Debug|Any CPU
		{C2A45500-7832-4331-A0C6-F422916BB3B1}.Debug|Any CPU.Build.0 = Debug|Any CPU
		{C2A45500-7832-4331-A0C6-F422916BB3B1}.Release|Any CPU.ActiveCfg = Release|Any CPU
		{C2A45500-7832-4331-A0C6-F422916BB3B1}.Release|Any CPU.Build.0 = Release|Any CPU
	EndGlobalSection
	GlobalSection(SolutionProperties) = preSolution
		HideSolutionNode = FALSE
	EndGlobalSection
	GlobalSection(ExtensibilityGlobals) = postSolution
		SolutionGuid = {26A6981B-FDD1-402C-8EAC-DD73F5DF2435}
	EndGlobalSection
EndGlobal
